
Microsoft Visual Studio Solution File, Format Version 12.00
# Visual Studio Version 16
VisualStudioVersion = 16.0.32228.343
MinimumVisualStudioVersion = 10.0.40219.1
Project("{FAE04EC0-301F-11D3-BF4B-00C04F79EFBC}") = "WebApplication", "WebApplication\WebApplication.csproj", "{942FEF26-4C7C-44DB-ABD4-BB0C34A26DFD}"
EndProject
Project("{FAE04EC0-301F-11D3-BF4B-00C04F79EFBC}") = "DAL", "DAL\DAL.csproj", "{37CA4F33-567D-4625-95AA-A3862823A760}"
EndProject
Project("{FAE04EC0-301F-11D3-BF4B-00C04F79EFBC}") = "DTO", "DTO\DTO.csproj", "{5DAA51EA-4E02-4217-A7CE-DDD35E23476C}"
EndProject
Global
	GlobalSection(SolutionConfigurationPlatforms) = preSolution
		Debug|Any CPU = Debug|Any CPU
		Release|Any CPU = Release|Any CPU
	EndGlobalSection
	GlobalSection(ProjectConfigurationPlatforms) = postSolution
		{942FEF26-4C7C-44DB-ABD4-BB0C34A26DFD}.Debug|Any CPU.ActiveCfg = Debug|Any CPU
		{942FEF26-4C7C-44DB-ABD4-BB0C34A26DFD}.Debug|Any CPU.Build.0 = Debug|Any CPU
		{942FEF26-4C7C-44DB-ABD4-BB0C34A26DFD}.Release|Any CPU.ActiveCfg = Release|Any CPU
		{942FEF26-4C7C-44DB-ABD4-BB0C34A26DFD}.Release|Any CPU.Build.0 = Release|Any CPU
		{37CA4F33-567D-4625-95AA-A3862823A760}.Debug|Any CPU.ActiveCfg = Debug|Any CPU
		{37CA4F33-567D-4625-95AA-A3862823A760}.Debug|Any CPU.Build.0 = Debug|Any CPU
		{37CA4F33-567D-4625-95AA-A3862823A760}.Release|Any CPU.ActiveCfg = Release|Any CPU
		{37CA4F33-567D-4625-95AA-A3862823A760}.Release|Any CPU.Build.0 = Release|Any CPU
		{5DAA51EA-4E02-4217-A7CE-DDD35E23476C}.Debug|Any CPU.ActiveCfg = Debug|Any CPU
		{5DAA51EA-4E02-4217-A7CE-DDD35E23476C}.Debug|Any CPU.Build.0 = Debug|Any CPU
		{5DAA51EA-4E02-4217-A7CE-DDD35E23476C}.Release|Any CPU.ActiveCfg = Release|Any CPU
		{5DAA51EA-4E02-4217-A7CE-DDD35E23476C}.Release|Any CPU.Build.0 = Release|Any CPU
	EndGlobalSection
	GlobalSection(SolutionProperties) = preSolution
		HideSolutionNode = FALSE
	EndGlobalSection
	GlobalSection(ExtensibilityGlobals) = postSolution
		SolutionGuid = {15AF3656-B12C-4EC7-8622-C1EA5B8E8F0C}
	EndGlobalSection
EndGlobal
